
Microsoft Visual Studio Solution File, Format Version 12.00
# Visual Studio Version 17
VisualStudioVersion = 17.8.34330.188
MinimumVisualStudioVersion = 10.0.40219.1
Project("{9A19103F-16F7-4668-BE54-9A1E7A4F7556}") = "RelationShip", "RelationShip\RelationShip.csproj", "{DAFD9E6F-71BB-46AC-AF57-DBE76319A0E2}"
EndProject
Project("{E53339B2-1760-4266-BCC7-CA923CBCF16C}") = "docker-compose", "docker-compose.dcproj", "{C6581CB8-3C11-4468-81EA-BEE141477802}"
EndProject
Global
	GlobalSection(SolutionConfigurationPlatforms) = preSolution
		Debug|Any CPU = Debug|Any CPU
		Release|Any CPU = Release|Any CPU
	EndGlobalSection
	GlobalSection(ProjectConfigurationPlatforms) = postSolution
		{DAFD9E6F-71BB-46AC-AF57-DBE76319A0E2}.Debug|Any CPU.ActiveCfg = Debug|Any CPU
		{DAFD9E6F-71BB-46AC-AF57-DBE76319A0E2}.Debug|Any CPU.Build.0 = Debug|Any CPU
		{DAFD9E6F-71BB-46AC-AF57-DBE76319A0E2}.Release|Any CPU.ActiveCfg = Release|Any CPU
		{DAFD9E6F-71BB-46AC-AF57-DBE76319A0E2}.Release|Any CPU.Build.0 = Release|Any CPU
		{C6581CB8-3C11-4468-81EA-BEE141477802}.Debug|Any CPU.ActiveCfg = Debug|Any CPU
		{C6581CB8-3C11-4468-81EA-BEE141477802}.Debug|Any CPU.Build.0 = Debug|Any CPU
		{C6581CB8-3C11-4468-81EA-BEE141477802}.Release|Any CPU.ActiveCfg = Release|Any CPU
		{C6581CB8-3C11-4468-81EA-BEE141477802}.Release|Any CPU.Build.0 = Release|Any CPU
	EndGlobalSection
	GlobalSection(SolutionProperties) = preSolution
		HideSolutionNode = FALSE
	EndGlobalSection
	GlobalSection(ExtensibilityGlobals) = postSolution
		SolutionGuid = {B6059019-A86C-495B-A6D9-294A23D45D20}
	EndGlobalSection
EndGlobal
